
Microsoft Visual Studio Solution File, Format Version 12.00
# Visual Studio Version 16
VisualStudioVersion = 16.0.31515.178
MinimumVisualStudioVersion = 10.0.40219.1
Project("{888888A0-9F3D-457C-B088-3A5042F75D52}") = "ml_practice", "ml_practice.pyproj", "{F3EE6D5E-A1C6-43BC-8212-9FA5408A65D2}"
EndProject
Global
	GlobalSection(SolutionConfigurationPlatforms) = preSolution
		Debug|Any CPU = Debug|Any CPU
		Release|Any CPU = Release|Any CPU
	EndGlobalSection
	GlobalSection(ProjectConfigurationPlatforms) = postSolution
		{F3EE6D5E-A1C6-43BC-8212-9FA5408A65D2}.Debug|Any CPU.ActiveCfg = Debug|Any CPU
		{F3EE6D5E-A1C6-43BC-8212-9FA5408A65D2}.Release|Any CPU.ActiveCfg = Release|Any CPU
	EndGlobalSection
	GlobalSection(SolutionProperties) = preSolution
		HideSolutionNode = FALSE
	EndGlobalSection
	GlobalSection(ExtensibilityGlobals) = postSolution
		SolutionGuid = {77C3A86D-A391-43AC-B8D0-AEDE1D131E88}
	EndGlobalSection
EndGlobal
